
Microsoft Visual Studio Solution File, Format Version 12.00
# Visual Studio Version 17
VisualStudioVersion = 17.11.35222.181
MinimumVisualStudioVersion = 10.0.40219.1
Project("{8BC9CEB8-8B4A-11D0-8D11-00A0C91BC942}") = "10818", "10818\10818.vcxproj", "{29D3E1F0-7638-4F76-8C41-54DDC14B543C}"
EndProject
Project("{8BC9CEB8-8B4A-11D0-8D11-00A0C91BC942}") = "10869", "10869\10869.vcxproj", "{9F8BDF50-5236-4D56-A8CF-0A82D2BB2655}"
EndProject
Project("{8BC9CEB8-8B4A-11D0-8D11-00A0C91BC942}") = "10950", "10950\10950.vcxproj", "{4F94A323-C13F-4DBD-BAF3-AF4412B8779E}"
EndProject
Project("{8BC9CEB8-8B4A-11D0-8D11-00A0C91BC942}") = "10951", "10951\10951.vcxproj", "{74A66DD0-9A5D-4869-8752-72AE4EFC278C}"
EndProject
Project("{8BC9CEB8-8B4A-11D0-8D11-00A0C91BC942}") = "2577", "2577\2577.vcxproj", "{030FB46C-B07E-49AC-BEBE-16CFD546C4AD}"
EndProject
Project("{8BC9CEB8-8B4A-11D0-8D11-00A0C91BC942}") = "2675", "2675\2675.vcxproj", "{74B65AAF-047B-4BB1-8EDA-662CFB6291D1}"
EndProject
Project("{8BC9CEB8-8B4A-11D0-8D11-00A0C91BC942}") = "2739", "2739\2739.vcxproj", "{EFAD16C8-EEE5-4640-989A-A1622D3CFD80}"
EndProject
Project("{8BC9CEB8-8B4A-11D0-8D11-00A0C91BC942}") = "2741", "2741\2741.vcxproj", "{6FD86B0F-D8BC-45F0-9342-C253466B8923}"
EndProject
Project("{8BC9CEB8-8B4A-11D0-8D11-00A0C91BC942}") = "2753", "2753\2753.vcxproj", "{F73B40D7-2CC8-46D3-826E-833A17F81486}"
EndProject
Project("{8BC9CEB8-8B4A-11D0-8D11-00A0C91BC942}") = "2884", "2884\2884.vcxproj", "{B38C3BC3-9E6B-488D-8DAC-7544B7E88DD4}"
EndProject
Project("{8BC9CEB8-8B4A-11D0-8D11-00A0C91BC942}") = "10952", "10952\10952.vcxproj", "{847CBAED-8E8B-4120-8F7A-9A57666E863B}"
EndProject
Project("{8BC9CEB8-8B4A-11D0-8D11-00A0C91BC942}") = "11654", "11654\11654.vcxproj", "{DCC3FF44-69D9-45E9-9D16-759519615E29}"
EndProject
Project("{8BC9CEB8-8B4A-11D0-8D11-00A0C91BC942}") = "11720", "11720\11720.vcxproj", "{3A566072-6E9C-4900-98BE-D22D1B153066}"
EndProject
Project("{8BC9CEB8-8B4A-11D0-8D11-00A0C91BC942}") = "25083", "25083\25083.vcxproj", "{678345A9-D949-46AA-86CF-EEB119836052}"
EndProject
Project("{8BC9CEB8-8B4A-11D0-8D11-00A0C91BC942}") = "27866", "27866\27866.vcxproj", "{B068FF3E-48F4-42B0-B3FB-55D089464825}"
EndProject
Global
	GlobalSection(SolutionConfigurationPlatforms) = preSolution
		Debug|x64 = Debug|x64
		Debug|x86 = Debug|x86
		Release|x64 = Release|x64
		Release|x86 = Release|x86
	EndGlobalSection
	GlobalSection(ProjectConfigurationPlatforms) = postSolution
		{29D3E1F0-7638-4F76-8C41-54DDC14B543C}.Debug|x64.ActiveCfg = Debug|x64
		{29D3E1F0-7638-4F76-8C41-54DDC14B543C}.Debug|x64.Build.0 = Debug|x64
		{29D3E1F0-7638-4F76-8C41-54DDC14B543C}.Debug|x86.ActiveCfg = Debug|Win32
		{29D3E1F0-7638-4F76-8C41-54DDC14B543C}.Debug|x86.Build.0 = Debug|Win32
		{29D3E1F0-7638-4F76-8C41-54DDC14B543C}.Release|x64.ActiveCfg = Release|x64
		{29D3E1F0-7638-4F76-8C41-54DDC14B543C}.Release|x64.Build.0 = Release|x64
		{29D3E1F0-7638-4F76-8C41-54DDC14B543C}.Release|x86.ActiveCfg = Release|Win32
		{29D3E1F0-7638-4F76-8C41-54DDC14B543C}.Release|x86.Build.0 = Release|Win32
		{9F8BDF50-5236-4D56-A8CF-0A82D2BB2655}.Debug|x64.ActiveCfg = Debug|x64
		{9F8BDF50-5236-4D56-A8CF-0A82D2BB2655}.Debug|x64.Build.0 = Debug|x64
		{9F8BDF50-5236-4D56-A8CF-0A82D2BB2655}.Debug|x86.ActiveCfg = Debug|Win32
		{9F8BDF50-5236-4D56-A8CF-0A82D2BB2655}.Debug|x86.Build.0 = Debug|Win32
		{9F8BDF50-5236-4D56-A8CF-0A82D2BB2655}.Release|x64.ActiveCfg = Release|x64
		{9F8BDF50-5236-4D56-A8CF-0A82D2BB2655}.Release|x64.Build.0 = Release|x64
		{9F8BDF50-5236-4D56-A8CF-0A82D2BB2655}.Release|x86.ActiveCfg = Release|Win32
		{9F8BDF50-5236-4D56-A8CF-0A82D2BB2655}.Release|x86.Build.0 = Release|Win32
		{4F94A323-C13F-4DBD-BAF3-AF4412B8779E}.Debug|x64.ActiveCfg = Debug|x64
		{4F94A323-C13F-4DBD-BAF3-AF4412B8779E}.Debug|x64.Build.0 = Debug|x64
		{4F94A323-C13F-4DBD-BAF3-AF4412B8779E}.Debug|x86.ActiveCfg = Debug|Win32
		{4F94A323-C13F-4DBD-BAF3-AF4412B8779E}.Debug|x86.Build.0 = Debug|Win32
		{4F94A323-C13F-4DBD-BAF3-AF4412B8779E}.Release|x64.ActiveCfg = Release|x64
		{4F94A323-C13F-4DBD-BAF3-AF4412B8779E}.Release|x64.Build.0 = Release|x64
		{4F94A323-C13F-4DBD-BAF3-AF4412B8779E}.Release|x86.ActiveCfg = Release|Win32
		{4F94A323-C13F-4DBD-BAF3-AF4412B8779E}.Release|x86.Build.0 = Release|Win32
		{74A66DD0-9A5D-4869-8752-72AE4EFC278C}.Debug|x64.ActiveCfg = Debug|x64
		{74A66DD0-9A5D-4869-8752-72AE4EFC278C}.Debug|x64.Build.0 = Debug|x64
		{74A66DD0-9A5D-4869-8752-72AE4EFC278C}.Debug|x86.ActiveCfg = Debug|Win32
		{74A66DD0-9A5D-4869-8752-72AE4EFC278C}.Debug|x86.Build.0 = Debug|Win32
		{74A66DD0-9A5D-4869-8752-72AE4EFC278C}.Release|x64.ActiveCfg = Release|x64
		{74A66DD0-9A5D-4869-8752-72AE4EFC278C}.Release|x64.Build.0 = Release|x64
		{74A66DD0-9A5D-4869-8752-72AE4EFC278C}.Release|x86.ActiveCfg = Release|Win32
		{74A66DD0-9A5D-4869-8752-72AE4EFC278C}.Release|x86.Build.0 = Release|Win32
		{030FB46C-B07E-49AC-BEBE-16CFD546C4AD}.Debug|x64.ActiveCfg = Debug|x64
		{030FB46C-B07E-49AC-BEBE-16CFD546C4AD}.Debug|x64.Build.0 = Debug|x64
		{030FB46C-B07E-49AC-BEBE-16CFD546C4AD}.Debug|x86.ActiveCfg = Debug|Win32
		{030FB46C-B07E-49AC-BEBE-16CFD546C4AD}.Debug|x86.Build.0 = Debug|Win32
		{030FB46C-B07E-49AC-BEBE-16CFD546C4AD}.Release|x64.ActiveCfg = Release|x64
		{030FB46C-B07E-49AC-BEBE-16CFD546C4AD}.Release|x64.Build.0 = Release|x64
		{030FB46C-B07E-49AC-BEBE-16CFD546C4AD}.Release|x86.ActiveCfg = Release|Win32
		{030FB46C-B07E-49AC-BEBE-16CFD546C4AD}.Release|x86.Build.0 = Release|Win32
		{74B65AAF-047B-4BB1-8EDA-662CFB6291D1}.Debug|x64.ActiveCfg = Debug|x64
		{74B65AAF-047B-4BB1-8EDA-662CFB6291D1}.Debug|x64.Build.0 = Debug|x64
		{74B65AAF-047B-4BB1-8EDA-662CFB6291D1}.Debug|x86.ActiveCfg = Debug|Win32
		{74B65AAF-047B-4BB1-8EDA-662CFB6291D1}.Debug|x86.Build.0 = Debug|Win32
		{74B65AAF-047B-4BB1-8EDA-662CFB6291D1}.Release|x64.ActiveCfg = Release|x64
		{74B65AAF-047B-4BB1-8EDA-662CFB6291D1}.Release|x64.Build.0 = Release|x64
		{74B65AAF-047B-4BB1-8EDA-662CFB6291D1}.Release|x86.ActiveCfg = Release|Win32
		{74B65AAF-047B-4BB1-8EDA-662CFB6291D1}.Release|x86.Build.0 = Release|Win32
		{EFAD16C8-EEE5-4640-989A-A1622D3CFD80}.Debug|x64.ActiveCfg = Debug|x64
		{EFAD16C8-EEE5-4640-989A-A1622D3CFD80}.Debug|x64.Build.0 = Debug|x64
		{EFAD16C8-EEE5-4640-989A-A1622D3CFD80}.Debug|x86.ActiveCfg = Debug|Win32
		{EFAD16C8-EEE5-4640-989A-A1622D3CFD80}.Debug|x86.Build.0 = Debug|Win32
		{EFAD16C8-EEE5-4640-989A-A1622D3CFD80}.Release|x64.ActiveCfg = Release|x64
		{EFAD16C8-EEE5-4640-989A-A1622D3CFD80}.Release|x64.Build.0 = Release|x64
		{EFAD16C8-EEE5-4640-989A-A1622D3CFD80}.Release|x86.ActiveCfg = Release|Win32
		{EFAD16C8-EEE5-4640-989A-A1622D3CFD80}.Release|x86.Build.0 = Release|Win32
		{6FD86B0F-D8BC-45F0-9342-C253466B8923}.Debug|x64.ActiveCfg = Debug|x64
		{6FD86B0F-D8BC-45F0-9342-C253466B8923}.Debug|x64.Build.0 = Debug|x64
		{6FD86B0F-D8BC-45F0-9342-C253466B8923}.Debug|x86.ActiveCfg = Debug|Win32
		{6FD86B0F-D8BC-45F0-9342-C253466B8923}.Debug|x86.Build.0 = Debug|Win32
		{6FD86B0F-D8BC-45F0-9342-C253466B8923}.Release|x64.ActiveCfg = Release|x64
		{6FD86B0F-D8BC-45F0-9342-C253466B8923}.Release|x64.Build.0 = Release|x64
		{6FD86B0F-D8BC-45F0-9342-C253466B8923}.Release|x86.ActiveCfg = Release|Win32
		{6FD86B0F-D8BC-45F0-9342-C253466B8923}.Release|x86.Build.0 = Release|Win32
		{F73B40D7-2CC8-46D3-826E-833A17F81486}.Debug|x64.ActiveCfg = Debug|x64
		{F73B40D7-2CC8-46D3-826E-833A17F81486}.Debug|x64.Build.0 = Debug|x64
		{F73B40D7-2CC8-46D3-826E-833A17F81486}.Debug|x86.ActiveCfg = Debug|Win32
		{F73B40D7-2CC8-46D3-826E-833A17F81486}.Debug|x86.Build.0 = Debug|Win32
		{F73B40D7-2CC8-46D3-826E-833A17F81486}.Release|x64.ActiveCfg = Release|x64
		{F73B40D7-2CC8-46D3-826E-833A17F81486}.Release|x64.Build.0 = Release|x64
		{F73B40D7-2CC8-46D3-826E-833A17F81486}.Release|x86.ActiveCfg = Release|Win32
		{F73B40D7-2CC8-46D3-826E-833A17F81486}.Release|x86.Build.0 = Release|Win32
		{B38C3BC3-9E6B-488D-8DAC-7544B7E88DD4}.Debug|x64.ActiveCfg = Debug|x64
		{B38C3BC3-9E6B-488D-8DAC-7544B7E88DD4}.Debug|x64.Build.0 = Debug|x64
		{B38C3BC3-9E6B-488D-8DAC-7544B7E88DD4}.Debug|x86.ActiveCfg = Debug|Win32
		{B38C3BC3-9E6B-488D-8DAC-7544B7E88DD4}.Debug|x86.Build.0 = Debug|Win32
		{B38C3BC3-9E6B-488D-8DAC-7544B7E88DD4}.Release|x64.ActiveCfg = Release|x64
		{B38C3BC3-9E6B-488D-8DAC-7544B7E88DD4}.Release|x64.Build.0 = Release|x64
		{B38C3BC3-9E6B-488D-8DAC-7544B7E88DD4}.Release|x86.ActiveCfg = Release|Win32
		{B38C3BC3-9E6B-488D-8DAC-7544B7E88DD4}.Release|x86.Build.0 = Release|Win32
		{847CBAED-8E8B-4120-8F7A-9A57666E863B}.Debug|x64.ActiveCfg = Debug|x64
		{847CBAED-8E8B-4120-8F7A-9A57666E863B}.Debug|x64.Build.0 = Debug|x64
		{847CBAED-8E8B-4120-8F7A-9A57666E863B}.Debug|x86.ActiveCfg = Debug|Win32
		{847CBAED-8E8B-4120-8F7A-9A57666E863B}.Debug|x86.Build.0 = Debug|Win32
		{847CBAED-8E8B-4120-8F7A-9A57666E863B}.Release|x64.ActiveCfg = Release|x64
		{847CBAED-8E8B-4120-8F7A-9A57666E863B}.Release|x64.Build.0 = Release|x64
		{847CBAED-8E8B-4120-8F7A-9A57666E863B}.Release|x86.ActiveCfg = Release|Win32
		{847CBAED-8E8B-4120-8F7A-9A57666E863B}.Release|x86.Build.0 = Release|Win32
		{DCC3FF44-69D9-45E9-9D16-759519615E29}.Debug|x64.ActiveCfg = Debug|x64
		{DCC3FF44-69D9-45E9-9D16-759519615E29}.Debug|x64.Build.0 = Debug|x64
		{DCC3FF44-69D9-45E9-9D16-759519615E29}.Debug|x86.ActiveCfg = Debug|Win32
		{DCC3FF44-69D9-45E9-9D16-759519615E29}.Debug|x86.Build.0 = Debug|Win32
		{DCC3FF44-69D9-45E9-9D16-759519615E29}.Release|x64.ActiveCfg = Release|x64
		{DCC3FF44-69D9-45E9-9D16-759519615E29}.Release|x64.Build.0 = Release|x64
		{DCC3FF44-69D9-45E9-9D16-759519615E29}.Release|x86.ActiveCfg = Release|Win32
		{DCC3FF44-69D9-45E9-9D16-759519615E29}.Release|x86.Build.0 = Release|Win32
		{3A566072-6E9C-4900-98BE-D22D1B153066}.Debug|x64.ActiveCfg = Debug|x64
		{3A566072-6E9C-4900-98BE-D22D1B153066}.Debug|x64.Build.0 = Debug|x64
		{3A566072-6E9C-4900-98BE-D22D1B153066}.Debug|x86.ActiveCfg = Debug|Win32
		{3A566072-6E9C-4900-98BE-D22D1B153066}.Debug|x86.Build.0 = Debug|Win32
		{3A566072-6E9C-4900-98BE-D22D1B153066}.Release|x64.ActiveCfg = Release|x64
		{3A566072-6E9C-4900-98BE-D22D1B153066}.Release|x64.Build.0 = Release|x64
		{3A566072-6E9C-4900-98BE-D22D1B153066}.Release|x86.ActiveCfg = Release|Win32
		{3A566072-6E9C-4900-98BE-D22D1B153066}.Release|x86.Build.0 = Release|Win32
		{678345A9-D949-46AA-86CF-EEB119836052}.Debug|x64.ActiveCfg = Debug|x64
		{678345A9-D949-46AA-86CF-EEB119836052}.Debug|x64.Build.0 = Debug|x64
		{678345A9-D949-46AA-86CF-EEB119836052}.Debug|x86.ActiveCfg = Debug|Win32
		{678345A9-D949-46AA-86CF-EEB119836052}.Debug|x86.Build.0 = Debug|Win32
		{678345A9-D949-46AA-86CF-EEB119836052}.Release|x64.ActiveCfg = Release|x64
		{678345A9-D949-46AA-86CF-EEB119836052}.Release|x64.Build.0 = Release|x64
		{678345A9-D949-46AA-86CF-EEB119836052}.Release|x86.ActiveCfg = Release|Win32
		{678345A9-D949-46AA-86CF-EEB119836052}.Release|x86.Build.0 = Release|Win32
		{B068FF3E-48F4-42B0-B3FB-55D089464825}.Debug|x64.ActiveCfg = Debug|x64
		{B068FF3E-48F4-42B0-B3FB-55D089464825}.Debug|x64.Build.0 = Debug|x64
		{B068FF3E-48F4-42B0-B3FB-55D089464825}.Debug|x86.ActiveCfg = Debug|Win32
		{B068FF3E-48F4-42B0-B3FB-55D089464825}.Debug|x86.Build.0 = Debug|Win32
		{B068FF3E-48F4-42B0-B3FB-55D089464825}.Release|x64.ActiveCfg = Release|x64
		{B068FF3E-48F4-42B0-B3FB-55D089464825}.Release|x64.Build.0 = Release|x64
		{B068FF3E-48F4-42B0-B3FB-55D089464825}.Release|x86.ActiveCfg = Release|Win32
		{B068FF3E-48F4-42B0-B3FB-55D089464825}.Release|x86.Build.0 = Release|Win32
	EndGlobalSection
	GlobalSection(SolutionProperties) = preSolution
		HideSolutionNode = FALSE
	EndGlobalSection
	GlobalSection(ExtensibilityGlobals) = postSolution
		SolutionGuid = {5269CFF5-EC01-4D92-87B3-009186FB7256}
	EndGlobalSection
EndGlobal
